// !$*UTF8*$!
{
	archiveVersion = 1;
	classes = {
	};
	objectVersion = 52;
	objects = {

/* Begin PBXBuildFile section */
		AC557A15251B2F630819DF18 /* libPods-Mosaicify.a in Frameworks */ = {isa = PBXBuildFile; fileRef = FBE23114F93C83FDA272EE58 /* libPods-Mosaicify.a */; };
		C52D62022473BD32002C157B /* Photos.framework in Frameworks */ = {isa = PBXBuildFile; fileRef = C52D62012473BD32002C157B /* Photos.framework */; };
		C52D62042473BD3C002C157B /* PhotosUI.framework in Frameworks */ = {isa = PBXBuildFile; fileRef = C52D62032473BD3C002C157B /* PhotosUI.framework */; };
		C52D62122473E17A002C157B /* JTSImageInfo.m in Sources */ = {isa = PBXBuildFile; fileRef = C52D62062473E17A002C157B /* JTSImageInfo.m */; };
		C52D62132473E17A002C157B /* UIApplication+JTSImageViewController.m in Sources */ = {isa = PBXBuildFile; fileRef = C52D62072473E17A002C157B /* UIApplication+JTSImageViewController.m */; };
		C52D62142473E17A002C157B /* JTSAnimatedGIFUtility.m in Sources */ = {isa = PBXBuildFile; fileRef = C52D620B2473E17A002C157B /* JTSAnimatedGIFUtility.m */; };
		C52D62152473E17A002C157B /* UIImage+JTSImageEffects.m in Sources */ = {isa = PBXBuildFile; fileRef = C52D620D2473E17A002C157B /* UIImage+JTSImageEffects.m */; };
		C52D62162473E17A002C157B /* JTSSimpleImageDownloader.m in Sources */ = {isa = PBXBuildFile; fileRef = C52D62102473E17A002C157B /* JTSSimpleImageDownloader.m */; };
		C52D62172473E17A002C157B /* JTSImageViewController.m in Sources */ = {isa = PBXBuildFile; fileRef = C52D62112473E17A002C157B /* JTSImageViewController.m */; };
		C55B66061A4570BD00585865 /* AppDelegate.m in Sources */ = {isa = PBXBuildFile; fileRef = C55B65F01A4570BD00585865 /* AppDelegate.m */; };
		C55B66071A4570BD00585865 /* main.m in Sources */ = {isa = PBXBuildFile; fileRef = C55B65F41A4570BD00585865 /* main.m */; };
		C55B66081A4570BD00585865 /* ViewController.m in Sources */ = {isa = PBXBuildFile; fileRef = C55B65F71A4570BD00585865 /* ViewController.m */; };
		C55B660D1A4570BD00585865 /* Images.xcassets in Resources */ = {isa = PBXBuildFile; fileRef = C55B66041A4570BD00585865 /* Images.xcassets */; };
		C55B66121A45C42400585865 /* HwPhotoHelper.m in Sources */ = {isa = PBXBuildFile; fileRef = C55B66111A45C42400585865 /* HwPhotoHelper.m */; };
		C55B66191A45CFF700585865 /* HWProgressHUD.m in Sources */ = {isa = PBXBuildFile; fileRef = C55B66181A45CFF700585865 /* HWProgressHUD.m */; };
		C55B661A1A45D38C00585865 /* LaunchScreen.xib in Resources */ = {isa = PBXBuildFile; fileRef = C55B65FD1A4570BD00585865 /* LaunchScreen.xib */; };
		C55B661B1A45D38C00585865 /* Main.storyboard in Resources */ = {isa = PBXBuildFile; fileRef = C55B65FF1A4570BD00585865 /* Main.storyboard */; };
		C55B66211A45E69F00585865 /* HWPhotoMosaicViewController.m in Sources */ = {isa = PBXBuildFile; fileRef = C55B66201A45E69F00585865 /* HWPhotoMosaicViewController.m */; };
		C55B66291A45F7CC00585865 /* MetaPhoto.m in Sources */ = {isa = PBXBuildFile; fileRef = C55B66281A45F7CC00585865 /* MetaPhoto.m */; };
		C55B662C1A45F87A00585865 /* UIColor+Metrics.m in Sources */ = {isa = PBXBuildFile; fileRef = C55B662B1A45F87A00585865 /* UIColor+Metrics.m */; };
		C55B662F1A46020600585865 /* UIImage+HWMosaic.m in Sources */ = {isa = PBXBuildFile; fileRef = C55B662E1A46020600585865 /* UIImage+HWMosaic.m */; };
		C55B66321A46B9DB00585865 /* HWSettingViewController.m in Sources */ = {isa = PBXBuildFile; fileRef = C55B66311A46B9DB00585865 /* HWSettingViewController.m */; };
		C5A0D520247416E8002AB3B2 /* HWSetting.m in Sources */ = {isa = PBXBuildFile; fileRef = C5A0D51F247416E8002AB3B2 /* HWSetting.m */; };
		C5A0D5252474FF10002AB3B2 /* UIColor+Distance.m in Sources */ = {isa = PBXBuildFile; fileRef = C5A0D5232474FF10002AB3B2 /* UIColor+Distance.m */; };
		C5A0D52A2475003D002AB3B2 /* nanopb.xcframework in Frameworks */ = {isa = PBXBuildFile; fileRef = C5A0D52624750038002AB3B2 /* nanopb.xcframework */; };
		C5A0D52B2475003D002AB3B2 /* GoogleUtilities.xcframework in Frameworks */ = {isa = PBXBuildFile; fileRef = C5A0D52724750038002AB3B2 /* GoogleUtilities.xcframework */; };
		C5A0D52C2475003D002AB3B2 /* GoogleAppMeasurement.framework in Frameworks */ = {isa = PBXBuildFile; fileRef = C5A0D5282475003A002AB3B2 /* GoogleAppMeasurement.framework */; };
		C5A0D52D2475003D002AB3B2 /* GoogleMobileAds.framework in Frameworks */ = {isa = PBXBuildFile; fileRef = C5A0D5292475003D002AB3B2 /* GoogleMobileAds.framework */; };
		C5A0D52F24750096002AB3B2 /* PromisesObjC.xcframework in Frameworks */ = {isa = PBXBuildFile; fileRef = C5A0D52E24750096002AB3B2 /* PromisesObjC.xcframework */; };
		C5E160571C4175D500CAA19E /* mosaic_sample.png in Resources */ = {isa = PBXBuildFile; fileRef = C5E160561C4175D500CAA19E /* mosaic_sample.png */; };
		C5F5F47A1A4FA72300DFC256 /* UIImage+Alpha.m in Sources */ = {isa = PBXBuildFile; fileRef = C5F5F4751A4FA72300DFC256 /* UIImage+Alpha.m */; };
		C5F5F47B1A4FA72300DFC256 /* UIImage+Resize.m in Sources */ = {isa = PBXBuildFile; fileRef = C5F5F4771A4FA72300DFC256 /* UIImage+Resize.m */; };
		C5F5F47C1A4FA72300DFC256 /* UIImage+RoundedCorner.m in Sources */ = {isa = PBXBuildFile; fileRef = C5F5F4791A4FA72300DFC256 /* UIImage+RoundedCorner.m */; };
/* End PBXBuildFile section */

/* Begin PBXFileReference section */
		AAFC7BFF52239242D6B1F39B /* Pods-Mosaicify.debug.xcconfig */ = {isa = PBXFileReference; includeInIndex = 1; lastKnownFileType = text.xcconfig; name = "Pods-Mosaicify.debug.xcconfig"; path = "Target Support Files/Pods-Mosaicify/Pods-Mosaicify.debug.xcconfig"; sourceTree = "<group>"; };
		C523C77C1C57DCC700AC5F90 /* podfile */ = {isa = PBXFileReference; fileEncoding = 4; lastKnownFileType = text; path = podfile; sourceTree = "<group>"; xcLanguageSpecificationIdentifier = xcode.lang.ruby; };
		C52D62012473BD32002C157B /* Photos.framework */ = {isa = PBXFileReference; lastKnownFileType = wrapper.framework; name = Photos.framework; path = System/Library/Frameworks/Photos.framework; sourceTree = SDKROOT; };
		C52D62032473BD3C002C157B /* PhotosUI.framework */ = {isa = PBXFileReference; lastKnownFileType = wrapper.framework; name = PhotosUI.framework; path = System/Library/Frameworks/PhotosUI.framework; sourceTree = SDKROOT; };
		C52D62062473E17A002C157B /* JTSImageInfo.m */ = {isa = PBXFileReference; fileEncoding = 4; lastKnownFileType = sourcecode.c.objc; path = JTSImageInfo.m; sourceTree = "<group>"; };
		C52D62072473E17A002C157B /* UIApplication+JTSImageViewController.m */ = {isa = PBXFileReference; fileEncoding = 4; lastKnownFileType = sourcecode.c.objc; path = "UIApplication+JTSImageViewController.m"; sourceTree = "<group>"; };
		C52D62082473E17A002C157B /* UIImage+JTSImageEffects.h */ = {isa = PBXFileReference; fileEncoding = 4; lastKnownFileType = sourcecode.c.h; path = "UIImage+JTSImageEffects.h"; sourceTree = "<group>"; };
		C52D62092473E17A002C157B /* JTSImageViewController.h */ = {isa = PBXFileReference; fileEncoding = 4; lastKnownFileType = sourcecode.c.h; path = JTSImageViewController.h; sourceTree = "<group>"; };
		C52D620A2473E17A002C157B /* JTSSimpleImageDownloader.h */ = {isa = PBXFileReference; fileEncoding = 4; lastKnownFileType = sourcecode.c.h; path = JTSSimpleImageDownloader.h; sourceTree = "<group>"; };
		C52D620B2473E17A002C157B /* JTSAnimatedGIFUtility.m */ = {isa = PBXFileReference; fileEncoding = 4; lastKnownFileType = sourcecode.c.objc; path = JTSAnimatedGIFUtility.m; sourceTree = "<group>"; };
		C52D620C2473E17A002C157B /* JTSImageInfo.h */ = {isa = PBXFileReference; fileEncoding = 4; lastKnownFileType = sourcecode.c.h; path = JTSImageInfo.h; sourceTree = "<group>"; };
		C52D620D2473E17A002C157B /* UIImage+JTSImageEffects.m */ = {isa = PBXFileReference; fileEncoding = 4; lastKnownFileType = sourcecode.c.objc; path = "UIImage+JTSImageEffects.m"; sourceTree = "<group>"; };
		C52D620E2473E17A002C157B /* UIApplication+JTSImageViewController.h */ = {isa = PBXFileReference; fileEncoding = 4; lastKnownFileType = sourcecode.c.h; path = "UIApplication+JTSImageViewController.h"; sourceTree = "<group>"; };
		C52D620F2473E17A002C157B /* JTSAnimatedGIFUtility.h */ = {isa = PBXFileReference; fileEncoding = 4; lastKnownFileType = sourcecode.c.h; path = JTSAnimatedGIFUtility.h; sourceTree = "<group>"; };
		C52D62102473E17A002C157B /* JTSSimpleImageDownloader.m */ = {isa = PBXFileReference; fileEncoding = 4; lastKnownFileType = sourcecode.c.objc; path = JTSSimpleImageDownloader.m; sourceTree = "<group>"; };
		C52D62112473E17A002C157B /* JTSImageViewController.m */ = {isa = PBXFileReference; fileEncoding = 4; lastKnownFileType = sourcecode.c.objc; path = JTSImageViewController.m; sourceTree = "<group>"; };
		C55B65C11A456FDC00585865 /* Mosaicify.app */ = {isa = PBXFileReference; explicitFileType = wrapper.application; includeInIndex = 0; path = Mosaicify.app; sourceTree = BUILT_PRODUCTS_DIR; };
		C55B65E21A456FDC00585865 /* Info.plist */ = {isa = PBXFileReference; lastKnownFileType = text.plist.xml; path = Info.plist; sourceTree = "<group>"; };
		C55B65E31A456FDC00585865 /* AutoMosaicTests.m */ = {isa = PBXFileReference; lastKnownFileType = sourcecode.c.objc; path = AutoMosaicTests.m; sourceTree = "<group>"; };
		C55B65EF1A4570BD00585865 /* AppDelegate.h */ = {isa = PBXFileReference; fileEncoding = 4; lastKnownFileType = sourcecode.c.h; path = AppDelegate.h; sourceTree = "<group>"; };
		C55B65F01A4570BD00585865 /* AppDelegate.m */ = {isa = PBXFileReference; fileEncoding = 4; lastKnownFileType = sourcecode.c.objc; path = AppDelegate.m; sourceTree = "<group>"; };
		C55B65F41A4570BD00585865 /* main.m */ = {isa = PBXFileReference; fileEncoding = 4; lastKnownFileType = sourcecode.c.objc; path = main.m; sourceTree = "<group>"; };
		C55B65F61A4570BD00585865 /* ViewController.h */ = {isa = PBXFileReference; fileEncoding = 4; lastKnownFileType = sourcecode.c.h; path = ViewController.h; sourceTree = "<group>"; };
		C55B65F71A4570BD00585865 /* ViewController.m */ = {isa = PBXFileReference; fileEncoding = 4; lastKnownFileType = sourcecode.c.objc; path = ViewController.m; sourceTree = "<group>"; };
		C55B65FE1A4570BD00585865 /* Base */ = {isa = PBXFileReference; lastKnownFileType = file.xib; name = Base; path = Base.lproj/LaunchScreen.xib; sourceTree = "<group>"; };
		C55B66001A4570BD00585865 /* Base */ = {isa = PBXFileReference; lastKnownFileType = file.storyboard; name = Base; path = Base.lproj/Main.storyboard; sourceTree = "<group>"; };
		C55B66011A4570BD00585865 /* Info.plist */ = {isa = PBXFileReference; fileEncoding = 4; lastKnownFileType = text.plist.xml; path = Info.plist; sourceTree = "<group>"; };
		C55B66041A4570BD00585865 /* Images.xcassets */ = {isa = PBXFileReference; lastKnownFileType = folder.assetcatalog; path = Images.xcassets; sourceTree = "<group>"; };
		C55B66101A45C42400585865 /* HwPhotoHelper.h */ = {isa = PBXFileReference; fileEncoding = 4; lastKnownFileType = sourcecode.c.h; path = HwPhotoHelper.h; sourceTree = "<group>"; };
		C55B66111A45C42400585865 /* HwPhotoHelper.m */ = {isa = PBXFileReference; fileEncoding = 4; lastKnownFileType = sourcecode.c.objc; path = HwPhotoHelper.m; sourceTree = "<group>"; };
		C55B66131A45C4DF00585865 /* AssetsLibrary.framework */ = {isa = PBXFileReference; lastKnownFileType = wrapper.framework; name = AssetsLibrary.framework; path = System/Library/Frameworks/AssetsLibrary.framework; sourceTree = SDKROOT; };
		C55B66161A45C63C00585865 /* PrefixHeader.pch */ = {isa = PBXFileReference; lastKnownFileType = sourcecode.c.h; path = PrefixHeader.pch; sourceTree = "<group>"; };
		C55B66171A45CFF700585865 /* HWProgressHUD.h */ = {isa = PBXFileReference; fileEncoding = 4; lastKnownFileType = sourcecode.c.h; path = HWProgressHUD.h; sourceTree = "<group>"; };
		C55B66181A45CFF700585865 /* HWProgressHUD.m */ = {isa = PBXFileReference; fileEncoding = 4; lastKnownFileType = sourcecode.c.objc; path = HWProgressHUD.m; sourceTree = "<group>"; };
		C55B661F1A45E69F00585865 /* HWPhotoMosaicViewController.h */ = {isa = PBXFileReference; fileEncoding = 4; lastKnownFileType = sourcecode.c.h; path = HWPhotoMosaicViewController.h; sourceTree = "<group>"; };
		C55B66201A45E69F00585865 /* HWPhotoMosaicViewController.m */ = {isa = PBXFileReference; fileEncoding = 4; lastKnownFileType = sourcecode.c.objc; path = HWPhotoMosaicViewController.m; sourceTree = "<group>"; };
		C55B66271A45F7CC00585865 /* MetaPhoto.h */ = {isa = PBXFileReference; fileEncoding = 4; lastKnownFileType = sourcecode.c.h; path = MetaPhoto.h; sourceTree = "<group>"; };
		C55B66281A45F7CC00585865 /* MetaPhoto.m */ = {isa = PBXFileReference; fileEncoding = 4; lastKnownFileType = sourcecode.c.objc; path = MetaPhoto.m; sourceTree = "<group>"; };
		C55B662A1A45F87A00585865 /* UIColor+Metrics.h */ = {isa = PBXFileReference; fileEncoding = 4; lastKnownFileType = sourcecode.c.h; path = "UIColor+Metrics.h"; sourceTree = "<group>"; };
		C55B662B1A45F87A00585865 /* UIColor+Metrics.m */ = {isa = PBXFileReference; fileEncoding = 4; lastKnownFileType = sourcecode.c.objc; path = "UIColor+Metrics.m"; sourceTree = "<group>"; };
		C55B662D1A46020600585865 /* UIImage+HWMosaic.h */ = {isa = PBXFileReference; fileEncoding = 4; lastKnownFileType = sourcecode.c.h; path = "UIImage+HWMosaic.h"; sourceTree = "<group>"; };
		C55B662E1A46020600585865 /* UIImage+HWMosaic.m */ = {isa = PBXFileReference; fileEncoding = 4; lastKnownFileType = sourcecode.c.objc; path = "UIImage+HWMosaic.m"; sourceTree = "<group>"; };
		C55B66301A46B9DB00585865 /* HWSettingViewController.h */ = {isa = PBXFileReference; fileEncoding = 4; lastKnownFileType = sourcecode.c.h; path = HWSettingViewController.h; sourceTree = "<group>"; };
		C55B66311A46B9DB00585865 /* HWSettingViewController.m */ = {isa = PBXFileReference; fileEncoding = 4; lastKnownFileType = sourcecode.c.objc; path = HWSettingViewController.m; sourceTree = "<group>"; };
		C5A0D51E247416E8002AB3B2 /* HWSetting.h */ = {isa = PBXFileReference; lastKnownFileType = sourcecode.c.h; path = HWSetting.h; sourceTree = "<group>"; };
		C5A0D51F247416E8002AB3B2 /* HWSetting.m */ = {isa = PBXFileReference; lastKnownFileType = sourcecode.c.objc; path = HWSetting.m; sourceTree = "<group>"; };
		C5A0D5222474FF10002AB3B2 /* MTColorDistance-Prefix.pch */ = {isa = PBXFileReference; fileEncoding = 4; lastKnownFileType = sourcecode.c.h; path = "MTColorDistance-Prefix.pch"; sourceTree = "<group>"; };
		C5A0D5232474FF10002AB3B2 /* UIColor+Distance.m */ = {isa = PBXFileReference; fileEncoding = 4; lastKnownFileType = sourcecode.c.objc; path = "UIColor+Distance.m"; sourceTree = "<group>"; };
		C5A0D5242474FF10002AB3B2 /* UIColor+Distance.h */ = {isa = PBXFileReference; fileEncoding = 4; lastKnownFileType = sourcecode.c.h; path = "UIColor+Distance.h"; sourceTree = "<group>"; };
		C5A0D52624750038002AB3B2 /* nanopb.xcframework */ = {isa = PBXFileReference; lastKnownFileType = wrapper.xcframework; path = nanopb.xcframework; sourceTree = "<group>"; };
		C5A0D52724750038002AB3B2 /* GoogleUtilities.xcframework */ = {isa = PBXFileReference; lastKnownFileType = wrapper.xcframework; path = GoogleUtilities.xcframework; sourceTree = "<group>"; };
		C5A0D5282475003A002AB3B2 /* GoogleAppMeasurement.framework */ = {isa = PBXFileReference; lastKnownFileType = wrapper.framework; path = GoogleAppMeasurement.framework; sourceTree = "<group>"; };
		C5A0D5292475003D002AB3B2 /* GoogleMobileAds.framework */ = {isa = PBXFileReference; lastKnownFileType = wrapper.framework; path = GoogleMobileAds.framework; sourceTree = "<group>"; };
		C5A0D52E24750096002AB3B2 /* PromisesObjC.xcframework */ = {isa = PBXFileReference; lastKnownFileType = wrapper.xcframework; path = PromisesObjC.xcframework; sourceTree = "<group>"; };
		C5A0D5302475038C002AB3B2 /* Futura.ttc */ = {isa = PBXFileReference; lastKnownFileType = file; path = Futura.ttc; sourceTree = "<group>"; };
		C5E160561C4175D500CAA19E /* mosaic_sample.png */ = {isa = PBXFileReference; lastKnownFileType = image.png; path = mosaic_sample.png; sourceTree = "<group>"; };
		C5E160581C417B0A00CAA19E /* iAd.framework */ = {isa = PBXFileReference; lastKnownFileType = wrapper.framework; name = iAd.framework; path = System/Library/Frameworks/iAd.framework; sourceTree = SDKROOT; };
		C5F5F4741A4FA72300DFC256 /* UIImage+Alpha.h */ = {isa = PBXFileReference; fileEncoding = 4; lastKnownFileType = sourcecode.c.h; path = "UIImage+Alpha.h"; sourceTree = "<group>"; };
		C5F5F4751A4FA72300DFC256 /* UIImage+Alpha.m */ = {isa = PBXFileReference; fileEncoding = 4; lastKnownFileType = sourcecode.c.objc; path = "UIImage+Alpha.m"; sourceTree = "<group>"; };
		C5F5F4761A4FA72300DFC256 /* UIImage+Resize.h */ = {isa = PBXFileReference; fileEncoding = 4; lastKnownFileType = sourcecode.c.h; path = "UIImage+Resize.h"; sourceTree = "<group>"; };
		C5F5F4771A4FA72300DFC256 /* UIImage+Resize.m */ = {isa = PBXFileReference; fileEncoding = 4; lastKnownFileType = sourcecode.c.objc; path = "UIImage+Resize.m"; sourceTree = "<group>"; };
		C5F5F4781A4FA72300DFC256 /* UIImage+RoundedCorner.h */ = {isa = PBXFileReference; fileEncoding = 4; lastKnownFileType = sourcecode.c.h; path = "UIImage+RoundedCorner.h"; sourceTree = "<group>"; };
		C5F5F4791A4FA72300DFC256 /* UIImage+RoundedCorner.m */ = {isa = PBXFileReference; fileEncoding = 4; lastKnownFileType = sourcecode.c.objc; path = "UIImage+RoundedCorner.m"; sourceTree = "<group>"; };
		FBE23114F93C83FDA272EE58 /* libPods-Mosaicify.a */ = {isa = PBXFileReference; explicitFileType = archive.ar; includeInIndex = 0; path = "libPods-Mosaicify.a"; sourceTree = BUILT_PRODUCTS_DIR; };
		FDADE489F5BCDBCE69F05F04 /* Pods-Mosaicify.release.xcconfig */ = {isa = PBXFileReference; includeInIndex = 1; lastKnownFileType = text.xcconfig; name = "Pods-Mosaicify.release.xcconfig"; path = "Target Support Files/Pods-Mosaicify/Pods-Mosaicify.release.xcconfig"; sourceTree = "<group>"; };
/* End PBXFileReference section */

/* Begin PBXFrameworksBuildPhase section */
		C55B65BE1A456FDC00585865 /* Frameworks */ = {
			isa = PBXFrameworksBuildPhase;
			buildActionMask = 2147483647;
			files = (
				C5A0D52B2475003D002AB3B2 /* GoogleUtilities.xcframework in Frameworks */,
				C52D62042473BD3C002C157B /* PhotosUI.framework in Frameworks */,
				C5A0D52C2475003D002AB3B2 /* GoogleAppMeasurement.framework in Frameworks */,
				C52D62022473BD32002C157B /* Photos.framework in Frameworks */,
				AC557A15251B2F630819DF18 /* libPods-Mosaicify.a in Frameworks */,
				C5A0D52D2475003D002AB3B2 /* GoogleMobileAds.framework in Frameworks */,
				C5A0D52A2475003D002AB3B2 /* nanopb.xcframework in Frameworks */,
				C5A0D52F24750096002AB3B2 /* PromisesObjC.xcframework in Frameworks */,
			);
			runOnlyForDeploymentPostprocessing = 0;
		};
/* End PBXFrameworksBuildPhase section */

/* Begin PBXGroup section */
		21583362D361B7DC8F58D092 /* Pods */ = {
			isa = PBXGroup;
			children = (
				AAFC7BFF52239242D6B1F39B /* Pods-Mosaicify.debug.xcconfig */,
				FDADE489F5BCDBCE69F05F04 /* Pods-Mosaicify.release.xcconfig */,
			);
			path = Pods;
			sourceTree = "<group>";
		};
		C52D62052473E17A002C157B /* JTSImageViewController */ = {
			isa = PBXGroup;
			children = (
				C52D62062473E17A002C157B /* JTSImageInfo.m */,
				C52D62072473E17A002C157B /* UIApplication+JTSImageViewController.m */,
				C52D62082473E17A002C157B /* UIImage+JTSImageEffects.h */,
				C52D62092473E17A002C157B /* JTSImageViewController.h */,
				C52D620A2473E17A002C157B /* JTSSimpleImageDownloader.h */,
				C52D620B2473E17A002C157B /* JTSAnimatedGIFUtility.m */,
				C52D620C2473E17A002C157B /* JTSImageInfo.h */,
				C52D620D2473E17A002C157B /* UIImage+JTSImageEffects.m */,
				C52D620E2473E17A002C157B /* UIApplication+JTSImageViewController.h */,
				C52D620F2473E17A002C157B /* JTSAnimatedGIFUtility.h */,
				C52D62102473E17A002C157B /* JTSSimpleImageDownloader.m */,
				C52D62112473E17A002C157B /* JTSImageViewController.m */,
			);
			path = JTSImageViewController;
			sourceTree = "<group>";
		};
		C55B65B81A456FDC00585865 = {
			isa = PBXGroup;
			children = (
				C523C77C1C57DCC700AC5F90 /* podfile */,
				C55B65C31A456FDC00585865 /* AutoMosaic */,
				C55B65E01A456FDC00585865 /* AutoMosaicTests */,
				C55B66151A45C4F800585865 /* Frameworks */,
				C55B65C21A456FDC00585865 /* Products */,
				21583362D361B7DC8F58D092 /* Pods */,
			);
			sourceTree = "<group>";
		};
		C55B65C21A456FDC00585865 /* Products */ = {
			isa = PBXGroup;
			children = (
				C55B65C11A456FDC00585865 /* Mosaicify.app */,
			);
			name = Products;
			sourceTree = "<group>";
		};
		C55B65C31A456FDC00585865 /* AutoMosaic */ = {
			isa = PBXGroup;
			children = (
				C55B65ED1A4570BD00585865 /* Classes */,
				C55B65F91A4570BD00585865 /* Resources */,
			);
			path = AutoMosaic;
			sourceTree = "<group>";
		};
		C55B65E01A456FDC00585865 /* AutoMosaicTests */ = {
			isa = PBXGroup;
			children = (
				C55B65E31A456FDC00585865 /* AutoMosaicTests.m */,
				C55B65E11A456FDC00585865 /* Supporting Files */,
			);
			path = AutoMosaicTests;
			sourceTree = "<group>";
		};
		C55B65E11A456FDC00585865 /* Supporting Files */ = {
			isa = PBXGroup;
			children = (
				C55B65E21A456FDC00585865 /* Info.plist */,
			);
			name = "Supporting Files";
			sourceTree = "<group>";
		};
		C55B65ED1A4570BD00585865 /* Classes */ = {
			isa = PBXGroup;
			children = (
				C55B65EE1A4570BD00585865 /* AppDelegate */,
				C55B65F11A4570BD00585865 /* GlobalLibs */,
				C55B65F21A4570BD00585865 /* Helpers */,
				C55B66261A45F7C100585865 /* Models */,
				C55B65F31A4570BD00585865 /* Others */,
				C55B65F51A4570BD00585865 /* ViewControllers */,
				C55B65F81A4570BD00585865 /* Views */,
			);
			path = Classes;
			sourceTree = "<group>";
		};
		C55B65EE1A4570BD00585865 /* AppDelegate */ = {
			isa = PBXGroup;
			children = (
				C55B65EF1A4570BD00585865 /* AppDelegate.h */,
				C55B65F01A4570BD00585865 /* AppDelegate.m */,
			);
			path = AppDelegate;
			sourceTree = "<group>";
		};
		C55B65F11A4570BD00585865 /* GlobalLibs */ = {
			isa = PBXGroup;
			children = (
				C5A0D52E24750096002AB3B2 /* PromisesObjC.xcframework */,
				C5A0D5282475003A002AB3B2 /* GoogleAppMeasurement.framework */,
				C5A0D5292475003D002AB3B2 /* GoogleMobileAds.framework */,
				C5A0D52724750038002AB3B2 /* GoogleUtilities.xcframework */,
				C5A0D52624750038002AB3B2 /* nanopb.xcframework */,
				C5A0D5212474FF10002AB3B2 /* MTColorDistance */,
				C52D62052473E17A002C157B /* JTSImageViewController */,
			);
			path = GlobalLibs;
			sourceTree = "<group>";
		};
		C55B65F21A4570BD00585865 /* Helpers */ = {
			isa = PBXGroup;
			children = (
				C5F5F4731A4FA72300DFC256 /* UIImage-categories */,
				C55B66101A45C42400585865 /* HwPhotoHelper.h */,
				C55B66111A45C42400585865 /* HwPhotoHelper.m */,
				C55B66171A45CFF700585865 /* HWProgressHUD.h */,
				C55B66181A45CFF700585865 /* HWProgressHUD.m */,
				C55B662A1A45F87A00585865 /* UIColor+Metrics.h */,
				C55B662B1A45F87A00585865 /* UIColor+Metrics.m */,
				C55B662D1A46020600585865 /* UIImage+HWMosaic.h */,
				C55B662E1A46020600585865 /* UIImage+HWMosaic.m */,
			);
			path = Helpers;
			sourceTree = "<group>";
		};
		C55B65F31A4570BD00585865 /* Others */ = {
			isa = PBXGroup;
			children = (
				C55B65F41A4570BD00585865 /* main.m */,
				C55B66161A45C63C00585865 /* PrefixHeader.pch */,
			);
			path = Others;
			sourceTree = "<group>";
		};
		C55B65F51A4570BD00585865 /* ViewControllers */ = {
			isa = PBXGroup;
			children = (
				C55B65F61A4570BD00585865 /* ViewController.h */,
				C55B65F71A4570BD00585865 /* ViewController.m */,
				C55B661F1A45E69F00585865 /* HWPhotoMosaicViewController.h */,
				C55B66201A45E69F00585865 /* HWPhotoMosaicViewController.m */,
				C55B66301A46B9DB00585865 /* HWSettingViewController.h */,
				C55B66311A46B9DB00585865 /* HWSettingViewController.m */,
			);
			path = ViewControllers;
			sourceTree = "<group>";
		};
		C55B65F81A4570BD00585865 /* Views */ = {
			isa = PBXGroup;
			children = (
			);
			path = Views;
			sourceTree = "<group>";
		};
		C55B65F91A4570BD00585865 /* Resources */ = {
			isa = PBXGroup;
			children = (
				C55B65FA1A4570BD00585865 /* Data */,
				C55B66031A4570BD00585865 /* Images */,
				C55B66051A4570BD00585865 /* Sounds */,
			);
			path = Resources;
			sourceTree = "<group>";
		};
		C55B65FA1A4570BD00585865 /* Data */ = {
			isa = PBXGroup;
			children = (
				C5A0D5302475038C002AB3B2 /* Futura.ttc */,
				C55B65FD1A4570BD00585865 /* LaunchScreen.xib */,
				C55B65FF1A4570BD00585865 /* Main.storyboard */,
				C55B66011A4570BD00585865 /* Info.plist */,
				C55B66021A4570BD00585865 /* Strings */,
			);
			path = Data;
			sourceTree = "<group>";
		};
		C55B66021A4570BD00585865 /* Strings */ = {
			isa = PBXGroup;
			children = (
			);
			path = Strings;
			sourceTree = "<group>";
		};
		C55B66031A4570BD00585865 /* Images */ = {
			isa = PBXGroup;
			children = (
				C5E160561C4175D500CAA19E /* mosaic_sample.png */,
				C55B66041A4570BD00585865 /* Images.xcassets */,
			);
			path = Images;
			sourceTree = "<group>";
		};
		C55B66051A4570BD00585865 /* Sounds */ = {
			isa = PBXGroup;
			children = (
			);
			path = Sounds;
			sourceTree = "<group>";
		};
		C55B66151A45C4F800585865 /* Frameworks */ = {
			isa = PBXGroup;
			children = (
				C52D62032473BD3C002C157B /* PhotosUI.framework */,
				C52D62012473BD32002C157B /* Photos.framework */,
				C5E160581C417B0A00CAA19E /* iAd.framework */,
				C55B66131A45C4DF00585865 /* AssetsLibrary.framework */,
				FBE23114F93C83FDA272EE58 /* libPods-Mosaicify.a */,
			);
			path = Frameworks;
			sourceTree = "<group>";
		};
		C55B66261A45F7C100585865 /* Models */ = {
			isa = PBXGroup;
			children = (
				C5A0D51E247416E8002AB3B2 /* HWSetting.h */,
				C5A0D51F247416E8002AB3B2 /* HWSetting.m */,
				C55B66271A45F7CC00585865 /* MetaPhoto.h */,
				C55B66281A45F7CC00585865 /* MetaPhoto.m */,
			);
			path = Models;
			sourceTree = "<group>";
		};
		C5A0D5212474FF10002AB3B2 /* MTColorDistance */ = {
			isa = PBXGroup;
			children = (
				C5A0D5222474FF10002AB3B2 /* MTColorDistance-Prefix.pch */,
				C5A0D5232474FF10002AB3B2 /* UIColor+Distance.m */,
				C5A0D5242474FF10002AB3B2 /* UIColor+Distance.h */,
			);
			path = MTColorDistance;
			sourceTree = "<group>";
		};
		C5F5F4731A4FA72300DFC256 /* UIImage-categories */ = {
			isa = PBXGroup;
			children = (
				C5F5F4741A4FA72300DFC256 /* UIImage+Alpha.h */,
				C5F5F4751A4FA72300DFC256 /* UIImage+Alpha.m */,
				C5F5F4761A4FA72300DFC256 /* UIImage+Resize.h */,
				C5F5F4771A4FA72300DFC256 /* UIImage+Resize.m */,
				C5F5F4781A4FA72300DFC256 /* UIImage+RoundedCorner.h */,
				C5F5F4791A4FA72300DFC256 /* UIImage+RoundedCorner.m */,
			);
			path = "UIImage-categories";
			sourceTree = "<group>";
		};
/* End PBXGroup section */

/* Begin PBXNativeTarget section */
		C55B65C01A456FDC00585865 /* Mosaicify */ = {
			isa = PBXNativeTarget;
			buildConfigurationList = C55B65E71A456FDC00585865 /* Build configuration list for PBXNativeTarget "Mosaicify" */;
			buildPhases = (
				25463E797119CF53D978F890 /* [CP] Check Pods Manifest.lock */,
				C55B65BD1A456FDC00585865 /* Sources */,
				C55B65BE1A456FDC00585865 /* Frameworks */,
				C55B65BF1A456FDC00585865 /* Resources */,
				9B2B2AB5A5D88C8767FC4D2C /* [CP] Copy Pods Resources */,
			);
			buildRules = (
			);
			dependencies = (
			);
			name = Mosaicify;
			productName = AutoMosaic;
			productReference = C55B65C11A456FDC00585865 /* Mosaicify.app */;
			productType = "com.apple.product-type.application";
		};
/* End PBXNativeTarget section */

/* Begin PBXProject section */
		C55B65B91A456FDC00585865 /* Project object */ = {
			isa = PBXProject;
			attributes = {
				CLASSPREFIX = HW;
				LastUpgradeCheck = 1140;
				ORGANIZATIONNAME = "HW Inc";
				TargetAttributes = {
					C55B65C01A456FDC00585865 = {
						CreatedOnToolsVersion = 6.1;
						DevelopmentTeam = 47NZJ66X5R;
						ProvisioningStyle = Automatic;
					};
				};
			};
			buildConfigurationList = C55B65BC1A456FDC00585865 /* Build configuration list for PBXProject "AutoMosaic" */;
			compatibilityVersion = "Xcode 3.2";
			developmentRegion = English;
			hasScannedForEncodings = 0;
			knownRegions = (
				English,
				en,
				Base,
			);
			mainGroup = C55B65B81A456FDC00585865;
			productRefGroup = C55B65C21A456FDC00585865 /* Products */;
			projectDirPath = "";
			projectRoot = "";
			targets = (
				C55B65C01A456FDC00585865 /* Mosaicify */,
			);
		};
/* End PBXProject section */

/* Begin PBXResourcesBuildPhase section */
		C55B65BF1A456FDC00585865 /* Resources */ = {
			isa = PBXResourcesBuildPhase;
			buildActionMask = 2147483647;
			files = (
				C55B661A1A45D38C00585865 /* LaunchScreen.xib in Resources */,
				C5E160571C4175D500CAA19E /* mosaic_sample.png in Resources */,
				C55B661B1A45D38C00585865 /* Main.storyboard in Resources */,
				C55B660D1A4570BD00585865 /* Images.xcassets in Resources */,
			);
			runOnlyForDeploymentPostprocessing = 0;
		};
/* End PBXResourcesBuildPhase section */

/* Begin PBXShellScriptBuildPhase section */
		25463E797119CF53D978F890 /* [CP] Check Pods Manifest.lock */ = {
			isa = PBXShellScriptBuildPhase;
			buildActionMask = 2147483647;
			files = (
			);
			inputFileListPaths = (
			);
			inputPaths = (
				"${PODS_PODFILE_DIR_PATH}/Podfile.lock",
				"${PODS_ROOT}/Manifest.lock",
			);
			name = "[CP] Check Pods Manifest.lock";
			outputFileListPaths = (
			);
			outputPaths = (
				"$(DERIVED_FILE_DIR)/Pods-Mosaicify-checkManifestLockResult.txt",
			);
			runOnlyForDeploymentPostprocessing = 0;
			shellPath = /bin/sh;
			shellScript = "diff \"${PODS_PODFILE_DIR_PATH}/Podfile.lock\" \"${PODS_ROOT}/Manifest.lock\" > /dev/null\nif [ $? != 0 ] ; then\n    # print error to STDERR\n    echo \"error: The sandbox is not in sync with the Podfile.lock. Run 'pod install' or update your CocoaPods installation.\" >&2\n    exit 1\nfi\n# This output is used by Xcode 'outputs' to avoid re-running this script phase.\necho \"SUCCESS\" > \"${SCRIPT_OUTPUT_FILE_0}\"\n";
			showEnvVarsInLog = 0;
		};
		9B2B2AB5A5D88C8767FC4D2C /* [CP] Copy Pods Resources */ = {
			isa = PBXShellScriptBuildPhase;
			buildActionMask = 2147483647;
			files = (
			);
			inputPaths = (
				"${PODS_ROOT}/Target Support Files/Pods-Mosaicify/Pods-Mosaicify-resources.sh",
				"${PODS_ROOT}/iRate/iRate/iRate.bundle",
			);
			name = "[CP] Copy Pods Resources";
			outputPaths = (
				"${TARGET_BUILD_DIR}/${UNLOCALIZED_RESOURCES_FOLDER_PATH}/iRate.bundle",
			);
			runOnlyForDeploymentPostprocessing = 0;
			shellPath = /bin/sh;
			shellScript = "\"${PODS_ROOT}/Target Support Files/Pods-Mosaicify/Pods-Mosaicify-resources.sh\"\n";
			showEnvVarsInLog = 0;
		};
/* End PBXShellScriptBuildPhase section */

/* Begin PBXSourcesBuildPhase section */
		C55B65BD1A456FDC00585865 /* Sources */ = {
			isa = PBXSourcesBuildPhase;
			buildActionMask = 2147483647;
			files = (
				C52D62142473E17A002C157B /* JTSAnimatedGIFUtility.m in Sources */,
				C55B66191A45CFF700585865 /* HWProgressHUD.m in Sources */,
				C5F5F47C1A4FA72300DFC256 /* UIImage+RoundedCorner.m in Sources */,
				C55B662C1A45F87A00585865 /* UIColor+Metrics.m in Sources */,
				C55B66081A4570BD00585865 /* ViewController.m in Sources */,
				C55B66211A45E69F00585865 /* HWPhotoMosaicViewController.m in Sources */,
				C55B66071A4570BD00585865 /* main.m in Sources */,
				C55B662F1A46020600585865 /* UIImage+HWMosaic.m in Sources */,
				C55B66321A46B9DB00585865 /* HWSettingViewController.m in Sources */,
				C5F5F47A1A4FA72300DFC256 /* UIImage+Alpha.m in Sources */,
				C52D62122473E17A002C157B /* JTSImageInfo.m in Sources */,
				C52D62152473E17A002C157B /* UIImage+JTSImageEffects.m in Sources */,
				C55B66061A4570BD00585865 /* AppDelegate.m in Sources */,
				C5F5F47B1A4FA72300DFC256 /* UIImage+Resize.m in Sources */,
				C5A0D5252474FF10002AB3B2 /* UIColor+Distance.m in Sources */,
				C52D62162473E17A002C157B /* JTSSimpleImageDownloader.m in Sources */,
				C5A0D520247416E8002AB3B2 /* HWSetting.m in Sources */,
				C52D62172473E17A002C157B /* JTSImageViewController.m in Sources */,
				C55B66121A45C42400585865 /* HwPhotoHelper.m in Sources */,
				C52D62132473E17A002C157B /* UIApplication+JTSImageViewController.m in Sources */,
				C55B66291A45F7CC00585865 /* MetaPhoto.m in Sources */,
			);
			runOnlyForDeploymentPostprocessing = 0;
		};
/* End PBXSourcesBuildPhase section */

/* Begin PBXVariantGroup section */
		C55B65FD1A4570BD00585865 /* LaunchScreen.xib */ = {
			isa = PBXVariantGroup;
			children = (
				C55B65FE1A4570BD00585865 /* Base */,
			);
			name = LaunchScreen.xib;
			sourceTree = "<group>";
		};
		C55B65FF1A4570BD00585865 /* Main.storyboard */ = {
			isa = PBXVariantGroup;
			children = (
				C55B66001A4570BD00585865 /* Base */,
			);
			name = Main.storyboard;
			sourceTree = "<group>";
		};
/* End PBXVariantGroup section */

/* Begin XCBuildConfiguration section */
		C55B65E51A456FDC00585865 /* Debug */ = {
			isa = XCBuildConfiguration;
			buildSettings = {
				ALWAYS_SEARCH_USER_PATHS = NO;
				CLANG_ANALYZER_LOCALIZABILITY_NONLOCALIZED = YES;
				CLANG_CXX_LANGUAGE_STANDARD = "gnu++0x";
				CLANG_CXX_LIBRARY = "libc++";
				CLANG_ENABLE_MODULES = YES;
				CLANG_ENABLE_OBJC_ARC = YES;
				CLANG_WARN_BLOCK_CAPTURE_AUTORELEASING = YES;
				CLANG_WARN_BOOL_CONVERSION = YES;
				CLANG_WARN_COMMA = YES;
				CLANG_WARN_CONSTANT_CONVERSION = YES;
				CLANG_WARN_DEPRECATED_OBJC_IMPLEMENTATIONS = YES;
				CLANG_WARN_DIRECT_OBJC_ISA_USAGE = YES_ERROR;
				CLANG_WARN_EMPTY_BODY = YES;
				CLANG_WARN_ENUM_CONVERSION = YES;
				CLANG_WARN_INFINITE_RECURSION = YES;
				CLANG_WARN_INT_CONVERSION = YES;
				CLANG_WARN_NON_LITERAL_NULL_CONVERSION = YES;
				CLANG_WARN_OBJC_IMPLICIT_RETAIN_SELF = YES;
				CLANG_WARN_OBJC_LITERAL_CONVERSION = YES;
				CLANG_WARN_OBJC_ROOT_CLASS = YES_ERROR;
				CLANG_WARN_RANGE_LOOP_ANALYSIS = YES;
				CLANG_WARN_STRICT_PROTOTYPES = YES;
				CLANG_WARN_SUSPICIOUS_MOVE = YES;
				CLANG_WARN_UNREACHABLE_CODE = YES;
				CLANG_WARN__DUPLICATE_METHOD_MATCH = YES;
				"CODE_SIGN_IDENTITY[sdk=iphoneos*]" = "iPhone Developer";
				COPY_PHASE_STRIP = NO;
				ENABLE_STRICT_OBJC_MSGSEND = YES;
				ENABLE_TESTABILITY = YES;
				GCC_C_LANGUAGE_STANDARD = gnu99;
				GCC_DYNAMIC_NO_PIC = NO;
				GCC_NO_COMMON_BLOCKS = YES;
				GCC_OPTIMIZATION_LEVEL = 0;
				GCC_PREPROCESSOR_DEFINITIONS = (
					"DEBUG=1",
					"$(inherited)",
				);
				GCC_SYMBOLS_PRIVATE_EXTERN = NO;
				GCC_WARN_64_TO_32_BIT_CONVERSION = YES;
				GCC_WARN_ABOUT_RETURN_TYPE = YES_ERROR;
				GCC_WARN_UNDECLARED_SELECTOR = YES;
				GCC_WARN_UNINITIALIZED_AUTOS = YES_AGGRESSIVE;
				GCC_WARN_UNUSED_FUNCTION = YES;
				GCC_WARN_UNUSED_VARIABLE = YES;
				IPHONEOS_DEPLOYMENT_TARGET = 9.0;
				MTL_ENABLE_DEBUG_INFO = YES;
				ONLY_ACTIVE_ARCH = YES;
				SDKROOT = iphoneos;
				TARGETED_DEVICE_FAMILY = "1,2";
			};
			name = Debug;
		};
		C55B65E61A456FDC00585865 /* Release */ = {
			isa = XCBuildConfiguration;
			buildSettings = {
				ALWAYS_SEARCH_USER_PATHS = NO;
				CLANG_ANALYZER_LOCALIZABILITY_NONLOCALIZED = YES;
				CLANG_CXX_LANGUAGE_STANDARD = "gnu++0x";
				CLANG_CXX_LIBRARY = "libc++";
				CLANG_ENABLE_MODULES = YES;
				CLANG_ENABLE_OBJC_ARC = YES;
				CLANG_WARN_BLOCK_CAPTURE_AUTORELEASING = YES;
				CLANG_WARN_BOOL_CONVERSION = YES;
				CLANG_WARN_COMMA = YES;
				CLANG_WARN_CONSTANT_CONVERSION = YES;
				CLANG_WARN_DEPRECATED_OBJC_IMPLEMENTATIONS = YES;
				CLANG_WARN_DIRECT_OBJC_ISA_USAGE = YES_ERROR;
				CLANG_WARN_EMPTY_BODY = YES;
				CLANG_WARN_ENUM_CONVERSION = YES;
				CLANG_WARN_INFINITE_RECURSION = YES;
				CLANG_WARN_INT_CONVERSION = YES;
				CLANG_WARN_NON_LITERAL_NULL_CONVERSION = YES;
				CLANG_WARN_OBJC_IMPLICIT_RETAIN_SELF = YES;
				CLANG_WARN_OBJC_LITERAL_CONVERSION = YES;
				CLANG_WARN_OBJC_ROOT_CLASS = YES_ERROR;
				CLANG_WARN_RANGE_LOOP_ANALYSIS = YES;
				CLANG_WARN_STRICT_PROTOTYPES = YES;
				CLANG_WARN_SUSPICIOUS_MOVE = YES;
				CLANG_WARN_UNREACHABLE_CODE = YES;
				CLANG_WARN__DUPLICATE_METHOD_MATCH = YES;
				"CODE_SIGN_IDENTITY[sdk=iphoneos*]" = "iPhone Developer";
				COPY_PHASE_STRIP = YES;
				ENABLE_NS_ASSERTIONS = NO;
				ENABLE_STRICT_OBJC_MSGSEND = YES;
				GCC_C_LANGUAGE_STANDARD = gnu99;
				GCC_NO_COMMON_BLOCKS = YES;
				GCC_WARN_64_TO_32_BIT_CONVERSION = YES;
				GCC_WARN_ABOUT_RETURN_TYPE = YES_ERROR;
				GCC_WARN_UNDECLARED_SELECTOR = YES;
				GCC_WARN_UNINITIALIZED_AUTOS = YES_AGGRESSIVE;
				GCC_WARN_UNUSED_FUNCTION = YES;
				GCC_WARN_UNUSED_VARIABLE = YES;
				IPHONEOS_DEPLOYMENT_TARGET = 9.0;
				MTL_ENABLE_DEBUG_INFO = NO;
				SDKROOT = iphoneos;
				TARGETED_DEVICE_FAMILY = "1,2";
				VALIDATE_PRODUCT = YES;
			};
			name = Release;
		};
		C55B65E81A456FDC00585865 /* Debug */ = {
			isa = XCBuildConfiguration;
			baseConfigurationReference = AAFC7BFF52239242D6B1F39B /* Pods-Mosaicify.debug.xcconfig */;
			buildSettings = {
				ASSETCATALOG_COMPILER_APPICON_NAME = AppIcon;
				CODE_SIGN_STYLE = Automatic;
				DEVELOPMENT_TEAM = "";
				ENABLE_BITCODE = NO;
				FRAMEWORK_SEARCH_PATHS = (
					"$(inherited)",
					"$(PROJECT_DIR)/AutoMosaic/Classes/GlobalLibs",
				);
				GCC_PRECOMPILE_PREFIX_HEADER = YES;
				GCC_PREFIX_HEADER = "$(SRCROOT)/AutoMosaic/Classes/Others/PrefixHeader.pch";
				INFOPLIST_FILE = AutoMosaic/Resources/Data/Info.plist;
				IPHONEOS_DEPLOYMENT_TARGET = 9.0;
				MARKETING_VERSION = 2.0;
				PRODUCT_BUNDLE_IDENTIFIER = com.haihw.mosaicify;
				PRODUCT_NAME = "$(TARGET_NAME)";
				PROVISIONING_PROFILE = "";
				PROVISIONING_PROFILE_SPECIFIER = "";
				TARGETED_DEVICE_FAMILY = "1,2";
			};
			name = Debug;
		};
		C55B65E91A456FDC00585865 /* Release */ = {
			isa = XCBuildConfiguration;
			baseConfigurationReference = FDADE489F5BCDBCE69F05F04 /* Pods-Mosaicify.release.xcconfig */;
			buildSettings = {
				ASSETCATALOG_COMPILER_APPICON_NAME = AppIcon;
				CODE_SIGN_STYLE = Automatic;
				DEVELOPMENT_TEAM = "";
				ENABLE_BITCODE = NO;
				FRAMEWORK_SEARCH_PATHS = (
					"$(inherited)",
					"$(PROJECT_DIR)/AutoMosaic/Classes/GlobalLibs",
				);
				GCC_PRECOMPILE_PREFIX_HEADER = YES;
				GCC_PREFIX_HEADER = "$(SRCROOT)/AutoMosaic/Classes/Others/PrefixHeader.pch";
				INFOPLIST_FILE = AutoMosaic/Resources/Data/Info.plist;
				IPHONEOS_DEPLOYMENT_TARGET = 9.0;
				MARKETING_VERSION = 2.0;
				PRODUCT_BUNDLE_IDENTIFIER = com.haihw.mosaicify;
				PRODUCT_NAME = "$(TARGET_NAME)";
				PROVISIONING_PROFILE = "3a3e76ab-4b49-4e0d-b1d2-3622b2f3818b";
				PROVISIONING_PROFILE_SPECIFIER = "";
				TARGETED_DEVICE_FAMILY = "1,2";
			};
			name = Release;
		};
/* End XCBuildConfiguration section */

/* Begin XCConfigurationList section */
		C55B65BC1A456FDC00585865 /* Build configuration list for PBXProject "AutoMosaic" */ = {
			isa = XCConfigurationList;
			buildConfigurations = (
				C55B65E51A456FDC00585865 /* Debug */,
				C55B65E61A456FDC00585865 /* Release */,
			);
			defaultConfigurationIsVisible = 0;
			defaultConfigurationName = Release;
		};
		C55B65E71A456FDC00585865 /* Build configuration list for PBXNativeTarget "Mosaicify" */ = {
			isa = XCConfigurationList;
			buildConfigurations = (
				C55B65E81A456FDC00585865 /* Debug */,
				C55B65E91A456FDC00585865 /* Release */,
			);
			defaultConfigurationIsVisible = 0;
			defaultConfigurationName = Release;
		};
/* End XCConfigurationList section */
	};
	rootObject = C55B65B91A456FDC00585865 /* Project object */;
}
