PODS:
  - ASValueTrackingSlider (0.12.1)
  - iRate (1.12.2)
  - MBProgressHUD (1.2.0)

DEPENDENCIES:
  - ASValueTrackingSlider
  - iRate
  - MBProgressHUD

SPEC REPOS:
  trunk:
    - ASValueTrackingSlider
    - iRate
    - MBProgressHUD

SPEC CHECKSUMS:
  ASValueTrackingSlider: 5261de3fcf00adb339efc93885e8f0bc99e703cd
  iRate: 4fc69958788624545e5d050c8ffd20884013c3f1
  MBProgressHUD: 3ee5efcc380f6a79a7cc9b363dd669c5e1ae7406

PODFILE CHECKSUM: 55d02a64abc73ee07ce103f5a64e24d26785e59f

COCOAPODS: 1.9.1
